
Microsoft Visual Studio Solution File, Format Version 12.00
# Visual Studio Version 16
VisualStudioVersion = 16.0.32126.315
MinimumVisualStudioVersion = 10.0.40219.1
Project("{9A19103F-16F7-4668-BE54-9A1E7A4F7556}") = "Programita", "ProgramaDJ\Programita.csproj", "{79783529-98CB-4E6F-87AC-B292B01FC29C}"
EndProject
Global
	GlobalSection(SolutionConfigurationPlatforms) = preSolution
		Debug|Any CPU = Debug|Any CPU
		Release|Any CPU = Release|Any CPU
	EndGlobalSection
	GlobalSection(ProjectConfigurationPlatforms) = postSolution
		{79783529-98CB-4E6F-87AC-B292B01FC29C}.Debug|Any CPU.ActiveCfg = Debug|Any CPU
		{79783529-98CB-4E6F-87AC-B292B01FC29C}.Debug|Any CPU.Build.0 = Debug|Any CPU
		{79783529-98CB-4E6F-87AC-B292B01FC29C}.Release|Any CPU.ActiveCfg = Release|Any CPU
		{79783529-98CB-4E6F-87AC-B292B01FC29C}.Release|Any CPU.Build.0 = Release|Any CPU
	EndGlobalSection
	GlobalSection(SolutionProperties) = preSolution
		HideSolutionNode = FALSE
	EndGlobalSection
	GlobalSection(ExtensibilityGlobals) = postSolution
		SolutionGuid = {55820CF5-5C20-4E12-8C52-6456F0AA595F}
	EndGlobalSection
EndGlobal
